// !$*UTF8*$!
{
	archiveVersion = 1;
	classes = {
	};
	objectVersion = 46;
	objects = {

/* Begin PBXBuildFile section */
		B595DBBD1CAD217A0089792D /* main.m in Sources */ = {isa = PBXBuildFile; fileRef = B595DBBC1CAD217A0089792D /* main.m */; };
		B595DBC01CAD217A0089792D /* AppDelegate.m in Sources */ = {isa = PBXBuildFile; fileRef = B595DBBF1CAD217A0089792D /* AppDelegate.m */; };
		B595DBC31CAD217A0089792D /* ViewController.m in Sources */ = {isa = PBXBuildFile; fileRef = B595DBC21CAD217A0089792D /* ViewController.m */; };
		B595DBC61CAD217A0089792D /* Main.storyboard in Resources */ = {isa = PBXBuildFile; fileRef = B595DBC41CAD217A0089792D /* Main.storyboard */; };
		B595DBC81CAD217A0089792D /* Assets.xcassets in Resources */ = {isa = PBXBuildFile; fileRef = B595DBC71CAD217A0089792D /* Assets.xcassets */; };
		B595DBCB1CAD217A0089792D /* LaunchScreen.storyboard in Resources */ = {isa = PBXBuildFile; fileRef = B595DBC91CAD217A0089792D /* LaunchScreen.storyboard */; };
		B595DBD41CAD41CA0089792D /* UILabel+UILabel_Category.m in Sources */ = {isa = PBXBuildFile; fileRef = B595DBD31CAD41CA0089792D /* UILabel+UILabel_Category.m */; };
		B595DBD71CAD42FF0089792D /* Hook.m in Sources */ = {isa = PBXBuildFile; fileRef = B595DBD61CAD42FF0089792D /* Hook.m */; };
		B595DBDA1CAD4BD80089792D /* MsgTest.m in Sources */ = {isa = PBXBuildFile; fileRef = B595DBD91CAD4BD80089792D /* MsgTest.m */; };
/* End PBXBuildFile section */

/* Begin PBXFileReference section */
		B595DBB81CAD217A0089792D /* RuntimeDemo.app */ = {isa = PBXFileReference; explicitFileType = wrapper.application; includeInIndex = 0; path = RuntimeDemo.app; sourceTree = BUILT_PRODUCTS_DIR; };
		B595DBBC1CAD217A0089792D /* main.m */ = {isa = PBXFileReference; lastKnownFileType = sourcecode.c.objc; path = main.m; sourceTree = "<group>"; };
		B595DBBE1CAD217A0089792D /* AppDelegate.h */ = {isa = PBXFileReference; lastKnownFileType = sourcecode.c.h; path = AppDelegate.h; sourceTree = "<group>"; };
		B595DBBF1CAD217A0089792D /* AppDelegate.m */ = {isa = PBXFileReference; lastKnownFileType = sourcecode.c.objc; path = AppDelegate.m; sourceTree = "<group>"; };
		B595DBC11CAD217A0089792D /* ViewController.h */ = {isa = PBXFileReference; lastKnownFileType = sourcecode.c.h; path = ViewController.h; sourceTree = "<group>"; };
		B595DBC21CAD217A0089792D /* ViewController.m */ = {isa = PBXFileReference; lastKnownFileType = sourcecode.c.objc; path = ViewController.m; sourceTree = "<group>"; };
		B595DBC51CAD217A0089792D /* Base */ = {isa = PBXFileReference; lastKnownFileType = file.storyboard; name = Base; path = Base.lproj/Main.storyboard; sourceTree = "<group>"; };
		B595DBC71CAD217A0089792D /* Assets.xcassets */ = {isa = PBXFileReference; lastKnownFileType = folder.assetcatalog; path = Assets.xcassets; sourceTree = "<group>"; };
		B595DBCA1CAD217A0089792D /* Base */ = {isa = PBXFileReference; lastKnownFileType = file.storyboard; name = Base; path = Base.lproj/LaunchScreen.storyboard; sourceTree = "<group>"; };
		B595DBCC1CAD217B0089792D /* Info.plist */ = {isa = PBXFileReference; lastKnownFileType = text.plist.xml; path = Info.plist; sourceTree = "<group>"; };
		B595DBD21CAD41CA0089792D /* UILabel+UILabel_Category.h */ = {isa = PBXFileReference; fileEncoding = 4; lastKnownFileType = sourcecode.c.h; path = "UILabel+UILabel_Category.h"; sourceTree = "<group>"; };
		B595DBD31CAD41CA0089792D /* UILabel+UILabel_Category.m */ = {isa = PBXFileReference; fileEncoding = 4; lastKnownFileType = sourcecode.c.objc; path = "UILabel+UILabel_Category.m"; sourceTree = "<group>"; };
		B595DBD51CAD42FF0089792D /* Hook.h */ = {isa = PBXFileReference; fileEncoding = 4; lastKnownFileType = sourcecode.c.h; path = Hook.h; sourceTree = "<group>"; };
		B595DBD61CAD42FF0089792D /* Hook.m */ = {isa = PBXFileReference; fileEncoding = 4; lastKnownFileType = sourcecode.c.objc; path = Hook.m; sourceTree = "<group>"; };
		B595DBD81CAD4BD80089792D /* MsgTest.h */ = {isa = PBXFileReference; fileEncoding = 4; lastKnownFileType = sourcecode.c.h; path = MsgTest.h; sourceTree = "<group>"; };
		B595DBD91CAD4BD80089792D /* MsgTest.m */ = {isa = PBXFileReference; fileEncoding = 4; lastKnownFileType = sourcecode.c.objc; path = MsgTest.m; sourceTree = "<group>"; };
/* End PBXFileReference section */

/* Begin PBXFrameworksBuildPhase section */
		B595DBB51CAD217A0089792D /* Frameworks */ = {
			isa = PBXFrameworksBuildPhase;
			buildActionMask = 2147483647;
			files = (
			);
			runOnlyForDeploymentPostprocessing = 0;
		};
/* End PBXFrameworksBuildPhase section */

/* Begin PBXGroup section */
		B595DBAF1CAD217A0089792D = {
			isa = PBXGroup;
			children = (
				B595DBBA1CAD217A0089792D /* RuntimeDemo */,
				B595DBB91CAD217A0089792D /* Products */,
			);
			sourceTree = "<group>";
		};
		B595DBB91CAD217A0089792D /* Products */ = {
			isa = PBXGroup;
			children = (
				B595DBB81CAD217A0089792D /* RuntimeDemo.app */,
			);
			name = Products;
			sourceTree = "<group>";
		};
		B595DBBA1CAD217A0089792D /* RuntimeDemo */ = {
			isa = PBXGroup;
			children = (
				B595DBD51CAD42FF0089792D /* Hook.h */,
				B595DBD61CAD42FF0089792D /* Hook.m */,
				B595DBBE1CAD217A0089792D /* AppDelegate.h */,
				B595DBBF1CAD217A0089792D /* AppDelegate.m */,
				B595DBC11CAD217A0089792D /* ViewController.h */,
				B595DBC21CAD217A0089792D /* ViewController.m */,
				B595DBC41CAD217A0089792D /* Main.storyboard */,
				B595DBC71CAD217A0089792D /* Assets.xcassets */,
				B595DBC91CAD217A0089792D /* LaunchScreen.storyboard */,
				B595DBCC1CAD217B0089792D /* Info.plist */,
				B595DBBB1CAD217A0089792D /* Supporting Files */,
				B595DBD21CAD41CA0089792D /* UILabel+UILabel_Category.h */,
				B595DBD31CAD41CA0089792D /* UILabel+UILabel_Category.m */,
				B595DBD81CAD4BD80089792D /* MsgTest.h */,
				B595DBD91CAD4BD80089792D /* MsgTest.m */,
			);
			path = RuntimeDemo;
			sourceTree = "<group>";
		};
		B595DBBB1CAD217A0089792D /* Supporting Files */ = {
			isa = PBXGroup;
			children = (
				B595DBBC1CAD217A0089792D /* main.m */,
			);
			name = "Supporting Files";
			sourceTree = "<group>";
		};
/* End PBXGroup section */

/* Begin PBXNativeTarget section */
		B595DBB71CAD217A0089792D /* RuntimeDemo */ = {
			isa = PBXNativeTarget;
			buildConfigurationList = B595DBCF1CAD217B0089792D /* Build configuration list for PBXNativeTarget "RuntimeDemo" */;
			buildPhases = (
				B595DBB41CAD217A0089792D /* Sources */,
				B595DBB51CAD217A0089792D /* Frameworks */,
				B595DBB61CAD217A0089792D /* Resources */,
			);
			buildRules = (
			);
			dependencies = (
			);
			name = RuntimeDemo;
			productName = RuntimeDemo;
			productReference = B595DBB81CAD217A0089792D /* RuntimeDemo.app */;
			productType = "com.apple.product-type.application";
		};
/* End PBXNativeTarget section */

/* Begin PBXProject section */
		B595DBB01CAD217A0089792D /* Project object */ = {
			isa = PBXProject;
			attributes = {
				LastUpgradeCheck = 0730;
				ORGANIZATIONNAME = "孙昕";
				TargetAttributes = {
					B595DBB71CAD217A0089792D = {
						CreatedOnToolsVersion = 7.3;
					};
				};
			};
			buildConfigurationList = B595DBB31CAD217A0089792D /* Build configuration list for PBXProject "RuntimeDemo" */;
			compatibilityVersion = "Xcode 3.2";
			developmentRegion = English;
			hasScannedForEncodings = 0;
			knownRegions = (
				en,
				Base,
			);
			mainGroup = B595DBAF1CAD217A0089792D;
			productRefGroup = B595DBB91CAD217A0089792D /* Products */;
			projectDirPath = "";
			projectRoot = "";
			targets = (
				B595DBB71CAD217A0089792D /* RuntimeDemo */,
			);
		};
/* End PBXProject section */

/* Begin PBXResourcesBuildPhase section */
		B595DBB61CAD217A0089792D /* Resources */ = {
			isa = PBXResourcesBuildPhase;
			buildActionMask = 2147483647;
			files = (
				B595DBCB1CAD217A0089792D /* LaunchScreen.storyboard in Resources */,
				B595DBC81CAD217A0089792D /* Assets.xcassets in Resources */,
				B595DBC61CAD217A0089792D /* Main.storyboard in Resources */,
			);
			runOnlyForDeploymentPostprocessing = 0;
		};
/* End PBXResourcesBuildPhase section */

/* Begin PBXSourcesBuildPhase section */
		B595DBB41CAD217A0089792D /* Sources */ = {
			isa = PBXSourcesBuildPhase;
			buildActionMask = 2147483647;
			files = (
				B595DBD71CAD42FF0089792D /* Hook.m in Sources */,
				B595DBC31CAD217A0089792D /* ViewController.m in Sources */,
				B595DBD41CAD41CA0089792D /* UILabel+UILabel_Category.m in Sources */,
				B595DBDA1CAD4BD80089792D /* MsgTest.m in Sources */,
				B595DBC01CAD217A0089792D /* AppDelegate.m in Sources */,
				B595DBBD1CAD217A0089792D /* main.m in Sources */,
			);
			runOnlyForDeploymentPostprocessing = 0;
		};
/* End PBXSourcesBuildPhase section */

/* Begin PBXVariantGroup section */
		B595DBC41CAD217A0089792D /* Main.storyboard */ = {
			isa = PBXVariantGroup;
			children = (
				B595DBC51CAD217A0089792D /* Base */,
			);
			name = Main.storyboard;
			sourceTree = "<group>";
		};
		B595DBC91CAD217A0089792D /* LaunchScreen.storyboard */ = {
			isa = PBXVariantGroup;
			children = (
				B595DBCA1CAD217A0089792D /* Base */,
			);
			name = LaunchScreen.storyboard;
			sourceTree = "<group>";
		};
/* End PBXVariantGroup section */

/* Begin XCBuildConfiguration section */
		B595DBCD1CAD217B0089792D /* Debug */ = {
			isa = XCBuildConfiguration;
			buildSettings = {
				ALWAYS_SEARCH_USER_PATHS = NO;
				CLANG_ANALYZER_NONNULL = YES;
				CLANG_CXX_LANGUAGE_STANDARD = "gnu++0x";
				CLANG_CXX_LIBRARY = "libc++";
				CLANG_ENABLE_MODULES = YES;
				CLANG_ENABLE_OBJC_ARC = YES;
				CLANG_WARN_BOOL_CONVERSION = YES;
				CLANG_WARN_CONSTANT_CONVERSION = YES;
				CLANG_WARN_DIRECT_OBJC_ISA_USAGE = YES_ERROR;
				CLANG_WARN_EMPTY_BODY = YES;
				CLANG_WARN_ENUM_CONVERSION = YES;
				CLANG_WARN_INT_CONVERSION = YES;
				CLANG_WARN_OBJC_ROOT_CLASS = YES_ERROR;
				CLANG_WARN_UNREACHABLE_CODE = YES;
				CLANG_WARN__DUPLICATE_METHOD_MATCH = YES;
				"CODE_SIGN_IDENTITY[sdk=iphoneos*]" = "iPhone Developer";
				COPY_PHASE_STRIP = NO;
				DEBUG_INFORMATION_FORMAT = dwarf;
				ENABLE_STRICT_OBJC_MSGSEND = YES;
				ENABLE_TESTABILITY = YES;
				GCC_C_LANGUAGE_STANDARD = gnu99;
				GCC_DYNAMIC_NO_PIC = NO;
				GCC_NO_COMMON_BLOCKS = YES;
				GCC_OPTIMIZATION_LEVEL = 0;
				GCC_PREPROCESSOR_DEFINITIONS = (
					"DEBUG=1",
					"$(inherited)",
				);
				GCC_WARN_64_TO_32_BIT_CONVERSION = YES;
				GCC_WARN_ABOUT_RETURN_TYPE = YES_ERROR;
				GCC_WARN_UNDECLARED_SELECTOR = YES;
				GCC_WARN_UNINITIALIZED_AUTOS = YES_AGGRESSIVE;
				GCC_WARN_UNUSED_FUNCTION = YES;
				GCC_WARN_UNUSED_VARIABLE = YES;
				IPHONEOS_DEPLOYMENT_TARGET = 9.3;
				MTL_ENABLE_DEBUG_INFO = YES;
				ONLY_ACTIVE_ARCH = YES;
				SDKROOT = iphoneos;
			};
			name = Debug;
		};
		B595DBCE1CAD217B0089792D /* Release */ = {
			isa = XCBuildConfiguration;
			buildSettings = {
				ALWAYS_SEARCH_USER_PATHS = NO;
				CLANG_ANALYZER_NONNULL = YES;
				CLANG_CXX_LANGUAGE_STANDARD = "gnu++0x";
				CLANG_CXX_LIBRARY = "libc++";
				CLANG_ENABLE_MODULES = YES;
				CLANG_ENABLE_OBJC_ARC = YES;
				CLANG_WARN_BOOL_CONVERSION = YES;
				CLANG_WARN_CONSTANT_CONVERSION = YES;
				CLANG_WARN_DIRECT_OBJC_ISA_USAGE = YES_ERROR;
				CLANG_WARN_EMPTY_BODY = YES;
				CLANG_WARN_ENUM_CONVERSION = YES;
				CLANG_WARN_INT_CONVERSION = YES;
				CLANG_WARN_OBJC_ROOT_CLASS = YES_ERROR;
				CLANG_WARN_UNREACHABLE_CODE = YES;
				CLANG_WARN__DUPLICATE_METHOD_MATCH = YES;
				"CODE_SIGN_IDENTITY[sdk=iphoneos*]" = "iPhone Developer";
				COPY_PHASE_STRIP = NO;
				DEBUG_INFORMATION_FORMAT = "dwarf-with-dsym";
				ENABLE_NS_ASSERTIONS = NO;
				ENABLE_STRICT_OBJC_MSGSEND = YES;
				GCC_C_LANGUAGE_STANDARD = gnu99;
				GCC_NO_COMMON_BLOCKS = YES;
				GCC_WARN_64_TO_32_BIT_CONVERSION = YES;
				GCC_WARN_ABOUT_RETURN_TYPE = YES_ERROR;
				GCC_WARN_UNDECLARED_SELECTOR = YES;
				GCC_WARN_UNINITIALIZED_AUTOS = YES_AGGRESSIVE;
				GCC_WARN_UNUSED_FUNCTION = YES;
				GCC_WARN_UNUSED_VARIABLE = YES;
				IPHONEOS_DEPLOYMENT_TARGET = 9.3;
				MTL_ENABLE_DEBUG_INFO = NO;
				SDKROOT = iphoneos;
				VALIDATE_PRODUCT = YES;
			};
			name = Release;
		};
		B595DBD01CAD217B0089792D /* Debug */ = {
			isa = XCBuildConfiguration;
			buildSettings = {
				ASSETCATALOG_COMPILER_APPICON_NAME = AppIcon;
				INFOPLIST_FILE = RuntimeDemo/Info.plist;
				LD_RUNPATH_SEARCH_PATHS = "$(inherited) @executable_path/Frameworks";
				PRODUCT_BUNDLE_IDENTIFIER = test.RuntimeDemo;
				PRODUCT_NAME = "$(TARGET_NAME)";
			};
			name = Debug;
		};
		B595DBD11CAD217B0089792D /* Release */ = {
			isa = XCBuildConfiguration;
			buildSettings = {
				ASSETCATALOG_COMPILER_APPICON_NAME = AppIcon;
				INFOPLIST_FILE = RuntimeDemo/Info.plist;
				LD_RUNPATH_SEARCH_PATHS = "$(inherited) @executable_path/Frameworks";
				PRODUCT_BUNDLE_IDENTIFIER = test.RuntimeDemo;
				PRODUCT_NAME = "$(TARGET_NAME)";
			};
			name = Release;
		};
/* End XCBuildConfiguration section */

/* Begin XCConfigurationList section */
		B595DBB31CAD217A0089792D /* Build configuration list for PBXProject "RuntimeDemo" */ = {
			isa = XCConfigurationList;
			buildConfigurations = (
				B595DBCD1CAD217B0089792D /* Debug */,
				B595DBCE1CAD217B0089792D /* Release */,
			);
			defaultConfigurationIsVisible = 0;
			defaultConfigurationName = Release;
		};
		B595DBCF1CAD217B0089792D /* Build configuration list for PBXNativeTarget "RuntimeDemo" */ = {
			isa = XCConfigurationList;
			buildConfigurations = (
				B595DBD01CAD217B0089792D /* Debug */,
				B595DBD11CAD217B0089792D /* Release */,
			);
			defaultConfigurationIsVisible = 0;
		};
/* End XCConfigurationList section */
	};
	rootObject = B595DBB01CAD217A0089792D /* Project object */;
}
